
Microsoft Visual Studio Solution File, Format Version 12.00
# Visual Studio Version 16
VisualStudioVersion = 16.0.30907.101
MinimumVisualStudioVersion = 10.0.40219.1
Project("{9A19103F-16F7-4668-BE54-9A1E7A4F7556}") = "Experian.JsonFakeApi", "Experian.JsonFakeApi.csproj", "{1D8204EB-3840-454A-81E2-52BCA0A5808A}"
EndProject
Project("{9A19103F-16F7-4668-BE54-9A1E7A4F7556}") = "Experian.ApiServices", "..\Experian.ApiServices\Experian.ApiServices.csproj", "{DC2A6566-B25D-4A06-B82D-C800CB4C79D3}"
EndProject
Project("{9A19103F-16F7-4668-BE54-9A1E7A4F7556}") = "Experian.ApiServices.Interfaces", "..\Experian.ApiServices.Interfaces\Experian.ApiServices.Interfaces.csproj", "{5E9CFB19-E382-4B72-9D75-C7D2FC595EE4}"
EndProject
Project("{9A19103F-16F7-4668-BE54-9A1E7A4F7556}") = "Experian.ApiModels", "..\Experian.ApiModels\Experian.ApiModels.csproj", "{871FAEF0-860A-4074-9CB8-9E8AEEAA28BE}"
EndProject
Project("{9A19103F-16F7-4668-BE54-9A1E7A4F7556}") = "Experian.QueryServices", "..\Experian.QueryServices\Experian.QueryServices.csproj", "{0AEA8726-CDA2-4CF1-B03D-CCC454DC577E}"
EndProject
Project("{9A19103F-16F7-4668-BE54-9A1E7A4F7556}") = "Experian.QueryServices.Interfaces", "..\Experian.QueryServices.Interfaces\Experian.QueryServices.Interfaces.csproj", "{6F3109AB-4214-4CEE-9A1B-39A8BB768595}"
EndProject
Project("{9A19103F-16F7-4668-BE54-9A1E7A4F7556}") = "Experian.QueryModels", "..\Experian.QueryModels\Experian.QueryModels.csproj", "{AE95071B-1ED3-4642-9420-19EF655B84C5}"
EndProject
Global
	GlobalSection(SolutionConfigurationPlatforms) = preSolution
		Debug|Any CPU = Debug|Any CPU
		Release|Any CPU = Release|Any CPU
	EndGlobalSection
	GlobalSection(ProjectConfigurationPlatforms) = postSolution
		{1D8204EB-3840-454A-81E2-52BCA0A5808A}.Debug|Any CPU.ActiveCfg = Debug|Any CPU
		{1D8204EB-3840-454A-81E2-52BCA0A5808A}.Debug|Any CPU.Build.0 = Debug|Any CPU
		{1D8204EB-3840-454A-81E2-52BCA0A5808A}.Release|Any CPU.ActiveCfg = Release|Any CPU
		{1D8204EB-3840-454A-81E2-52BCA0A5808A}.Release|Any CPU.Build.0 = Release|Any CPU
		{DC2A6566-B25D-4A06-B82D-C800CB4C79D3}.Debug|Any CPU.ActiveCfg = Debug|Any CPU
		{DC2A6566-B25D-4A06-B82D-C800CB4C79D3}.Debug|Any CPU.Build.0 = Debug|Any CPU
		{DC2A6566-B25D-4A06-B82D-C800CB4C79D3}.Release|Any CPU.ActiveCfg = Release|Any CPU
		{DC2A6566-B25D-4A06-B82D-C800CB4C79D3}.Release|Any CPU.Build.0 = Release|Any CPU
		{5E9CFB19-E382-4B72-9D75-C7D2FC595EE4}.Debug|Any CPU.ActiveCfg = Debug|Any CPU
		{5E9CFB19-E382-4B72-9D75-C7D2FC595EE4}.Debug|Any CPU.Build.0 = Debug|Any CPU
		{5E9CFB19-E382-4B72-9D75-C7D2FC595EE4}.Release|Any CPU.ActiveCfg = Release|Any CPU
		{5E9CFB19-E382-4B72-9D75-C7D2FC595EE4}.Release|Any CPU.Build.0 = Release|Any CPU
		{871FAEF0-860A-4074-9CB8-9E8AEEAA28BE}.Debug|Any CPU.ActiveCfg = Debug|Any CPU
		{871FAEF0-860A-4074-9CB8-9E8AEEAA28BE}.Debug|Any CPU.Build.0 = Debug|Any CPU
		{871FAEF0-860A-4074-9CB8-9E8AEEAA28BE}.Release|Any CPU.ActiveCfg = Release|Any CPU
		{871FAEF0-860A-4074-9CB8-9E8AEEAA28BE}.Release|Any CPU.Build.0 = Release|Any CPU
		{0AEA8726-CDA2-4CF1-B03D-CCC454DC577E}.Debug|Any CPU.ActiveCfg = Debug|Any CPU
		{0AEA8726-CDA2-4CF1-B03D-CCC454DC577E}.Debug|Any CPU.Build.0 = Debug|Any CPU
		{0AEA8726-CDA2-4CF1-B03D-CCC454DC577E}.Release|Any CPU.ActiveCfg = Release|Any CPU
		{0AEA8726-CDA2-4CF1-B03D-CCC454DC577E}.Release|Any CPU.Build.0 = Release|Any CPU
		{6F3109AB-4214-4CEE-9A1B-39A8BB768595}.Debug|Any CPU.ActiveCfg = Debug|Any CPU
		{6F3109AB-4214-4CEE-9A1B-39A8BB768595}.Debug|Any CPU.Build.0 = Debug|Any CPU
		{6F3109AB-4214-4CEE-9A1B-39A8BB768595}.Release|Any CPU.ActiveCfg = Release|Any CPU
		{6F3109AB-4214-4CEE-9A1B-39A8BB768595}.Release|Any CPU.Build.0 = Release|Any CPU
		{AE95071B-1ED3-4642-9420-19EF655B84C5}.Debug|Any CPU.ActiveCfg = Debug|Any CPU
		{AE95071B-1ED3-4642-9420-19EF655B84C5}.Debug|Any CPU.Build.0 = Debug|Any CPU
		{AE95071B-1ED3-4642-9420-19EF655B84C5}.Release|Any CPU.ActiveCfg = Release|Any CPU
		{AE95071B-1ED3-4642-9420-19EF655B84C5}.Release|Any CPU.Build.0 = Release|Any CPU
	EndGlobalSection
	GlobalSection(SolutionProperties) = preSolution
		HideSolutionNode = FALSE
	EndGlobalSection
	GlobalSection(ExtensibilityGlobals) = postSolution
		SolutionGuid = {881E7413-F537-4355-89F7-79B0933E68A5}
	EndGlobalSection
EndGlobal
